
Microsoft Visual Studio Solution File, Format Version 12.00
# Visual Studio 2012
Project("{FAE04EC0-301F-11D3-BF4B-00C04F79EFBC}") = "Jayakumar.Limerick", "Jayakumar.Limerick\Jayakumar.Limerick.csproj", "{FD5A1DD7-7E1E-4991-B680-3A87639A591A}"
EndProject
Project("{FAE04EC0-301F-11D3-BF4B-00C04F79EFBC}") = "Jayakumar.Limerick.Tests", "Jayakumar.Limerick.Tests\Jayakumar.Limerick.Tests.csproj", "{D542E524-23EE-4EBB-A4E0-0425165FE963}"
EndProject
Global
	GlobalSection(SolutionConfigurationPlatforms) = preSolution
		Debug|Any CPU = Debug|Any CPU
		Release|Any CPU = Release|Any CPU
	EndGlobalSection
	GlobalSection(ProjectConfigurationPlatforms) = postSolution
		{FD5A1DD7-7E1E-4991-B680-3A87639A591A}.Debug|Any CPU.ActiveCfg = Debug|Any CPU
		{FD5A1DD7-7E1E-4991-B680-3A87639A591A}.Debug|Any CPU.Build.0 = Debug|Any CPU
		{FD5A1DD7-7E1E-4991-B680-3A87639A591A}.Release|Any CPU.ActiveCfg = Release|Any CPU
		{FD5A1DD7-7E1E-4991-B680-3A87639A591A}.Release|Any CPU.Build.0 = Release|Any CPU
		{D542E524-23EE-4EBB-A4E0-0425165FE963}.Debug|Any CPU.ActiveCfg = Debug|Any CPU
		{D542E524-23EE-4EBB-A4E0-0425165FE963}.Debug|Any CPU.Build.0 = Debug|Any CPU
		{D542E524-23EE-4EBB-A4E0-0425165FE963}.Release|Any CPU.ActiveCfg = Release|Any CPU
		{D542E524-23EE-4EBB-A4E0-0425165FE963}.Release|Any CPU.Build.0 = Release|Any CPU
	EndGlobalSection
	GlobalSection(SolutionProperties) = preSolution
		HideSolutionNode = FALSE
	EndGlobalSection
EndGlobal
